# THIS IS AN AUTOGENERATED FILE. DO NOT EDIT THIS FILE DIRECTLY.
# yarn lockfile v1


"@cycle/dom@^20.2.0":
  version "20.2.0"
  resolved "http://registry.npm.taobao.org/@cycle/dom/download/@cycle/dom-20.2.0.tgz#49b064174f9040d3c4e7d1a9863b7cd1f4641396"
  dependencies:
    "@cycle/run" "4.0.0"
    es6-map "^0.1.4"
    snabbdom "0.7.0"
    snabbdom-selector "2.0.1"
    xstream "11.x"

"@cycle/run@4.0.0":
  version "4.0.0"
  resolved "http://registry.npm.taobao.org/@cycle/run/download/@cycle/run-4.0.0.tgz#d48c5133cd783afdf7f9e37ce1c158b570d6c5f1"
  dependencies:
    xstream "10.x || 11.x"

"@cycle/run@^4.1.0":
  version "4.1.0"
  resolved "http://registry.npm.taobao.org/@cycle/run/download/@cycle/run-4.1.0.tgz#b164a83792e85db3c184236f4b3800a4c9bf6f76"
  dependencies:
    xstream "10.x || 11.x"

cssauron2@^2.0.1:
  version "2.0.3"
  resolved "http://registry.npm.taobao.org/cssauron2/download/cssauron2-2.0.3.tgz#e41691ab17dfbed6b76593ff805aeeb497baaf71"
  dependencies:
    through X.X.X

d@1:
  version "1.0.0"
  resolved "http://registry.npm.taobao.org/d/download/d-1.0.0.tgz#754bb5bfe55451da69a58b94d45f4c5b0462d58f"
  dependencies:
    es5-ext "^0.10.9"

es5-ext@^0.10.35, es5-ext@^0.10.9, es5-ext@~0.10.14:
  version "0.10.42"
  resolved "http://registry.npm.taobao.org/es5-ext/download/es5-ext-0.10.42.tgz#8c07dd33af04d5dcd1310b5cef13bea63a89ba8d"
  dependencies:
    es6-iterator "~2.0.3"
    es6-symbol "~3.1.1"
    next-tick "1"

es6-iterator@~2.0.1, es6-iterator@~2.0.3:
  version "2.0.3"
  resolved "http://registry.npm.taobao.org/es6-iterator/download/es6-iterator-2.0.3.tgz#a7de889141a05a94b0854403b2d0a0fbfa98f3b7"
  dependencies:
    d "1"
    es5-ext "^0.10.35"
    es6-symbol "^3.1.1"

es6-map@^0.1.4:
  version "0.1.5"
  resolved "http://registry.npm.taobao.org/es6-map/download/es6-map-0.1.5.tgz#9136e0503dcc06a301690f0bb14ff4e364e949f0"
  dependencies:
    d "1"
    es5-ext "~0.10.14"
    es6-iterator "~2.0.1"
    es6-set "~0.1.5"
    es6-symbol "~3.1.1"
    event-emitter "~0.3.5"

es6-set@~0.1.5:
  version "0.1.5"
  resolved "http://registry.npm.taobao.org/es6-set/download/es6-set-0.1.5.tgz#d2b3ec5d4d800ced818db538d28974db0a73ccb1"
  dependencies:
    d "1"
    es5-ext "~0.10.14"
    es6-iterator "~2.0.1"
    es6-symbol "3.1.1"
    event-emitter "~0.3.5"

es6-symbol@3.1.1, es6-symbol@^3.1.1, es6-symbol@~3.1.1:
  version "3.1.1"
  resolved "http://registry.npm.taobao.org/es6-symbol/download/es6-symbol-3.1.1.tgz#bf00ef4fdab6ba1b46ecb7b629b4c7ed5715cc77"
  dependencies:
    d "1"
    es5-ext "~0.10.14"

event-emitter@~0.3.5:
  version "0.3.5"
  resolved "http://registry.npm.taobao.org/event-emitter/download/event-emitter-0.3.5.tgz#df8c69eef1647923c7157b9ce83840610b02cc39"
  dependencies:
    d "1"
    es5-ext "~0.10.14"

main@^1.0.1:
  version "1.0.1"
  resolved "http://registry.npm.taobao.org/main/download/main-1.0.1.tgz#886364b6282fd7cb1d606da799e13fef5e9b68b1"
  dependencies:
    minimist "0.0.8"

minimist@0.0.8:
  version "0.0.8"
  resolved "http://registry.npm.taobao.org/minimist/download/minimist-0.0.8.tgz#857fcabfc3397d2625b8228262e86aa7a011b05d"

next-tick@1:
  version "1.0.0"
  resolved "http://registry.npm.taobao.org/next-tick/download/next-tick-1.0.0.tgz#ca86d1fe8828169b0120208e3dc8424b9db8342c"

snabbdom-selector@2.0.1:
  version "2.0.1"
  resolved "http://registry.npm.taobao.org/snabbdom-selector/download/snabbdom-selector-2.0.1.tgz#50704b4802662198e427f0200dd461eb201d52c5"
  dependencies:
    cssauron2 "^2.0.1"

snabbdom@0.7.0:
  version "0.7.0"
  resolved "http://registry.npm.taobao.org/snabbdom/download/snabbdom-0.7.0.tgz#c09e2baa0f8d43d306a3aa7502b62fdde2b4154e"

symbol-observable@1.2.0:
  version "1.2.0"
  resolved "http://registry.npm.taobao.org/symbol-observable/download/symbol-observable-1.2.0.tgz#c22688aed4eab3cdc2dfeacbb561660560a00804"

through@X.X.X:
  version "2.3.8"
  resolved "http://registry.npm.taobao.org/through/download/through-2.3.8.tgz#0dd4c9ffaabc357960b1b724115d7e0e86a2e1f5"

"xstream@10.x || 11.x", xstream@11.x, xstream@^11.2.0:
  version "11.2.0"
  resolved "http://registry.npm.taobao.org/xstream/download/xstream-11.2.0.tgz#4acb83211fa2edcd890e36f7a7ed02caee2339b5"
  dependencies:
    symbol-observable "1.2.0"
